
Microsoft Visual Studio Solution File, Format Version 12.00
# Visual Studio Version 17
VisualStudioVersion = 17.0.31903.59
MinimumVisualStudioVersion = 10.0.40219.1
Project("{FAE04EC0-301F-11D3-BF4B-00C04F79EFBC}") = "GrpcService", "GrpcService\GrpcService.csproj", "{8F806A5E-3D88-45E9-A786-25C106E125AD}"
EndProject
Project("{FAE04EC0-301F-11D3-BF4B-00C04F79EFBC}") = "GrpcClient", "GrpcClient\GrpcClient.csproj", "{C7A2EE6F-F037-4546-AECE-415113463F5E}"
EndProject
Global
	GlobalSection(SolutionConfigurationPlatforms) = preSolution
		Debug|Any CPU = Debug|Any CPU
		Release|Any CPU = Release|Any CPU
	EndGlobalSection
	GlobalSection(ProjectConfigurationPlatforms) = postSolution
		{8F806A5E-3D88-45E9-A786-25C106E125AD}.Debug|Any CPU.ActiveCfg = Debug|Any CPU
		{8F806A5E-3D88-45E9-A786-25C106E125AD}.Debug|Any CPU.Build.0 = Debug|Any CPU
		{8F806A5E-3D88-45E9-A786-25C106E125AD}.Release|Any CPU.ActiveCfg = Release|Any CPU
		{8F806A5E-3D88-45E9-A786-25C106E125AD}.Release|Any CPU.Build.0 = Release|Any CPU
		{C7A2EE6F-F037-4546-AECE-415113463F5E}.Debug|Any CPU.ActiveCfg = Debug|Any CPU
		{C7A2EE6F-F037-4546-AECE-415113463F5E}.Debug|Any CPU.Build.0 = Debug|Any CPU
		{C7A2EE6F-F037-4546-AECE-415113463F5E}.Release|Any CPU.ActiveCfg = Release|Any CPU
		{C7A2EE6F-F037-4546-AECE-415113463F5E}.Release|Any CPU.Build.0 = Release|Any CPU
	EndGlobalSection
	GlobalSection(SolutionProperties) = preSolution
		HideSolutionNode = FALSE
	EndGlobalSection
EndGlobal
