
Microsoft Visual Studio Solution File, Format Version 12.00
# Visual Studio Version 17
VisualStudioVersion = 17.10.34916.146
MinimumVisualStudioVersion = 10.0.40219.1
Project("{9A19103F-16F7-4668-BE54-9A1E7A4F7556}") = "BlazorBigexecutionExample", "BlazorBigexecutionExample.csproj", "{4BBCF625-6B56-4314-BFDB-E70D77AA6A48}"
EndProject
Project("{9A19103F-16F7-4668-BE54-9A1E7A4F7556}") = "BlazorBigexecutionExampleTests", "..\BlazorBigexecutionExampleTests\BlazorBigexecutionExampleTests.csproj", "{727A7619-3E44-4DDB-A0AE-E1E9EDBEB39A}"
EndProject
Global
	GlobalSection(SolutionConfigurationPlatforms) = preSolution
		Debug|Any CPU = Debug|Any CPU
		Release|Any CPU = Release|Any CPU
	EndGlobalSection
	GlobalSection(ProjectConfigurationPlatforms) = postSolution
		{4BBCF625-6B56-4314-BFDB-E70D77AA6A48}.Debug|Any CPU.ActiveCfg = Debug|Any CPU
		{4BBCF625-6B56-4314-BFDB-E70D77AA6A48}.Debug|Any CPU.Build.0 = Debug|Any CPU
		{4BBCF625-6B56-4314-BFDB-E70D77AA6A48}.Release|Any CPU.ActiveCfg = Release|Any CPU
		{4BBCF625-6B56-4314-BFDB-E70D77AA6A48}.Release|Any CPU.Build.0 = Release|Any CPU
		{727A7619-3E44-4DDB-A0AE-E1E9EDBEB39A}.Debug|Any CPU.ActiveCfg = Debug|Any CPU
		{727A7619-3E44-4DDB-A0AE-E1E9EDBEB39A}.Debug|Any CPU.Build.0 = Debug|Any CPU
		{727A7619-3E44-4DDB-A0AE-E1E9EDBEB39A}.Release|Any CPU.ActiveCfg = Release|Any CPU
		{727A7619-3E44-4DDB-A0AE-E1E9EDBEB39A}.Release|Any CPU.Build.0 = Release|Any CPU
	EndGlobalSection
	GlobalSection(SolutionProperties) = preSolution
		HideSolutionNode = FALSE
	EndGlobalSection
	GlobalSection(ExtensibilityGlobals) = postSolution
		SolutionGuid = {C19614A9-5E7C-4DE6-8158-E55018B34E36}
	EndGlobalSection
EndGlobal
